{
  "name": "micro-service-demo",
  "version": "1.0.0",
  "lockfileVersion": 3,
  "requires": true,
  "packages": {
    "": {
      "name": "micro-service-demo",
      "version": "1.0.0",
      "license": "ISC",
      "dependencies": {
        "uuid": "^9.0.1"
      },
      "devDependencies": {
        "@types/uuid": "^9.0.8"
      }
    },
    "libraries/micro-service-events": {
      "name": "micro-service-event",
      "version": "1.0.5",
      "extraneous": true,
      "license": "MIT",
      "devDependencies": {
        "typescript": "^5.4.3"
      }
    },
    "node_modules/@types/uuid": {
      "version": "9.0.8",
      "resolved": "https://registry.npmjs.org/@types/uuid/-/uuid-9.0.8.tgz",
      "integrity": "sha512-jg+97EGIcY9AGHJJRaaPVgetKDsrTgbRjQ5Msgjh/DQKEFl0DtyRr/VCOyD1T2R1MNeWPK/u7JoGhlDZnKBAfA==",
      "dev": true
    },
    "node_modules/uuid": {
      "version": "9.0.1",
      "resolved": "https://registry.npmjs.org/uuid/-/uuid-9.0.1.tgz",
      "integrity": "sha512-b+1eJOlsR9K8HJpow9Ok3fiWOWSIcIzXodvv0rQjVoOVNpWMpxf1wZNpt4y9h10odCNrqnYp1OBzRktckBe3sA==",
      "funding": [
        "https://github.com/sponsors/broofa",
        "https://github.com/sponsors/ctavan"
      ],
      "bin": {
        "uuid": "dist/bin/uuid"
      }
    },
    "payment": {
      "version": "1.0.0",
      "extraneous": true,
      "license": "ISC",
      "dependencies": {
        "dotenv": "^16.4.0",
        "express": "^4.18.2",
        "micro-service-event": "^1.0.0",
        "paypal-rest-sdk": "^1.8.1"
      },
      "devDependencies": {
        "@types/express": "^4.17.21",
        "ts-node-dev": "^2.0.0"
      }
    },
    "user": {
      "name": "@micro-project/user",
      "version": "1.0.0",
      "extraneous": true,
      "license": "ISC",
      "dependencies": {
        "@types/events": "^3.0.3",
        "bcrypt": "^5.1.1",
        "dotenv": "^16.4.0",
        "events": "^3.3.0",
        "express": "^4.18.2",
        "jsonwebtoken": "^9.0.2",
        "micro-service-event": "^1.0.5",
        "mongoose": "^8.2.4",
        "node-nats-streaming": "^0.3.2"
      },
      "devDependencies": {
        "@types/bcrypt": "^5.0.2",
        "@types/express": "^4.17.21",
        "@types/node": "^20.11.17",
        "ts-node-dev": "^2.0.0"
      }
    }
  }
}
